
Microsoft Visual Studio Solution File, Format Version 12.00
# Visual Studio Version 17
VisualStudioVersion = 17.7.34024.191
MinimumVisualStudioVersion = 10.0.40219.1
Project("{2150E333-8FDC-42A3-9474-1A3956D46DE8}") = "src", "src", "{3A5B7907-B8FE-47CE-ABF5-34B6ABD53A7E}"
EndProject
Project("{2150E333-8FDC-42A3-9474-1A3956D46DE8}") = "test", "test", "{7A28CF1F-D8EA-416E-97E5-A00C87C22487}"
EndProject
Project("{9A19103F-16F7-4668-BE54-9A1E7A4F7556}") = "Bookify.Domain", "Bookify.Domain\Bookify.Domain.csproj", "{26EC0C1E-FBFC-4283-B90A-533E1EA96D13}"
EndProject
Project("{9A19103F-16F7-4668-BE54-9A1E7A4F7556}") = "Bookify.Application", "Bookify.Application\Bookify.Application.csproj", "{E97C152A-CBF2-43FC-A283-8E0E38C6D58D}"
EndProject
Project("{9A19103F-16F7-4668-BE54-9A1E7A4F7556}") = "Bookify.Api", "Bookify.Api\Bookify.Api.csproj", "{D72A3BAF-BCE6-41DC-A154-5A410912601E}"
EndProject
Project("{2150E333-8FDC-42A3-9474-1A3956D46DE8}") = "Solution Items", "Solution Items", "{DB3E5700-8333-4B82-A9D1-824BB942A0D7}"
	ProjectSection(SolutionItems) = preProject
		docker-compose.yml = docker-compose.yml
	EndProjectSection
EndProject
Project("{FAE04EC0-301F-11D3-BF4B-00C04F79EFBC}") = "Bookify.Infrastructure", "Bookify.Infrastructure\Bookify.Infrastructure.csproj", "{1C5D898E-80BA-48CF-B889-1E637D27406F}"
EndProject
Global
	GlobalSection(SolutionConfigurationPlatforms) = preSolution
		Debug|Any CPU = Debug|Any CPU
		Release|Any CPU = Release|Any CPU
	EndGlobalSection
	GlobalSection(ProjectConfigurationPlatforms) = postSolution
		{26EC0C1E-FBFC-4283-B90A-533E1EA96D13}.Debug|Any CPU.ActiveCfg = Debug|Any CPU
		{26EC0C1E-FBFC-4283-B90A-533E1EA96D13}.Debug|Any CPU.Build.0 = Debug|Any CPU
		{26EC0C1E-FBFC-4283-B90A-533E1EA96D13}.Release|Any CPU.ActiveCfg = Release|Any CPU
		{26EC0C1E-FBFC-4283-B90A-533E1EA96D13}.Release|Any CPU.Build.0 = Release|Any CPU
		{E97C152A-CBF2-43FC-A283-8E0E38C6D58D}.Debug|Any CPU.ActiveCfg = Debug|Any CPU
		{E97C152A-CBF2-43FC-A283-8E0E38C6D58D}.Debug|Any CPU.Build.0 = Debug|Any CPU
		{E97C152A-CBF2-43FC-A283-8E0E38C6D58D}.Release|Any CPU.ActiveCfg = Release|Any CPU
		{E97C152A-CBF2-43FC-A283-8E0E38C6D58D}.Release|Any CPU.Build.0 = Release|Any CPU
		{D72A3BAF-BCE6-41DC-A154-5A410912601E}.Debug|Any CPU.ActiveCfg = Debug|Any CPU
		{D72A3BAF-BCE6-41DC-A154-5A410912601E}.Debug|Any CPU.Build.0 = Debug|Any CPU
		{D72A3BAF-BCE6-41DC-A154-5A410912601E}.Release|Any CPU.ActiveCfg = Release|Any CPU
		{D72A3BAF-BCE6-41DC-A154-5A410912601E}.Release|Any CPU.Build.0 = Release|Any CPU
		{1C5D898E-80BA-48CF-B889-1E637D27406F}.Debug|Any CPU.ActiveCfg = Debug|Any CPU
		{1C5D898E-80BA-48CF-B889-1E637D27406F}.Debug|Any CPU.Build.0 = Debug|Any CPU
		{1C5D898E-80BA-48CF-B889-1E637D27406F}.Release|Any CPU.ActiveCfg = Release|Any CPU
		{1C5D898E-80BA-48CF-B889-1E637D27406F}.Release|Any CPU.Build.0 = Release|Any CPU
	EndGlobalSection
	GlobalSection(SolutionProperties) = preSolution
		HideSolutionNode = FALSE
	EndGlobalSection
	GlobalSection(NestedProjects) = preSolution
		{26EC0C1E-FBFC-4283-B90A-533E1EA96D13} = {3A5B7907-B8FE-47CE-ABF5-34B6ABD53A7E}
		{E97C152A-CBF2-43FC-A283-8E0E38C6D58D} = {3A5B7907-B8FE-47CE-ABF5-34B6ABD53A7E}
		{D72A3BAF-BCE6-41DC-A154-5A410912601E} = {3A5B7907-B8FE-47CE-ABF5-34B6ABD53A7E}
		{1C5D898E-80BA-48CF-B889-1E637D27406F} = {3A5B7907-B8FE-47CE-ABF5-34B6ABD53A7E}
	EndGlobalSection
EndGlobal
